{
  "name": "react-leaflet-utfgrid",
  "version": "0.1.0-prerelease",
  "lockfileVersion": 1,
  "requires": true,
  "dependencies": {
    "corslite": {
      "version": "0.0.7",
      "resolved": "https://registry.npmjs.org/corslite/-/corslite-0.0.7.tgz",
      "integrity": "sha1-jkUdtTIKdVbeHveNm9NWY0MHdyE="
    },
    "leaflet-utfgrid": {
      "version": "0.3.0",
      "resolved": "https://registry.npmjs.org/leaflet-utfgrid/-/leaflet-utfgrid-0.3.0.tgz",
      "integrity": "sha1-a4e+3hmOgFCpiJchhShWMwI0Btk=",
      "requires": {
        "corslite": "0.0.7"
      }
    }
  }
}
